
Microsoft Visual Studio Solution File, Format Version 12.00
# Visual Studio Version 17
VisualStudioVersion = 17.9.34607.119
MinimumVisualStudioVersion = 10.0.40219.1
Project("{FAE04EC0-301F-11D3-BF4B-00C04F79EFBC}") = "SignalrDemo", "SignalrDemo.csproj", "{CD3B33CD-4EB0-4EFE-84B6-57060654828D}"
EndProject
Global
	GlobalSection(SolutionConfigurationPlatforms) = preSolution
		Debug|Any CPU = Debug|Any CPU
		Release|Any CPU = Release|Any CPU
	EndGlobalSection
	GlobalSection(ProjectConfigurationPlatforms) = postSolution
		{CD3B33CD-4EB0-4EFE-84B6-57060654828D}.Debug|Any CPU.ActiveCfg = Debug|Any CPU
		{CD3B33CD-4EB0-4EFE-84B6-57060654828D}.Debug|Any CPU.Build.0 = Debug|Any CPU
		{CD3B33CD-4EB0-4EFE-84B6-57060654828D}.Release|Any CPU.ActiveCfg = Release|Any CPU
		{CD3B33CD-4EB0-4EFE-84B6-57060654828D}.Release|Any CPU.Build.0 = Release|Any CPU
	EndGlobalSection
	GlobalSection(SolutionProperties) = preSolution
		HideSolutionNode = FALSE
	EndGlobalSection
	GlobalSection(ExtensibilityGlobals) = postSolution
		SolutionGuid = {78DC5FE6-0069-4B44-BFF4-BF38F8BF2D8B}
	EndGlobalSection
EndGlobal
